# This file is generated by running "yarn install" inside your project.
# Manual changes might be lost - proceed with caution!

__metadata:
  version: 9
  cacheKey: 10

"@calmdown/rolldown-workspace@npm:1.0.0-rc.3":
  version: 1.0.0-rc.3
  resolution: "@calmdown/rolldown-workspace@npm:1.0.0-rc.3"
  peerDependencies:
    rolldown: 1.0.0-rc.10
  checksum: 10/5cba612ed50cd48d35914a59c9eb0ad3d83e6f923c0b5f3ae9ec2cbf0a45598baa3e74c734c7f95db7b45791c8053edd026e056841c1a1fd3fd0c7e53f73dc97
  languageName: node
  linkType: hard

"@calmdown/rollup-plugin-copy@npm:1.0.0":
  version: 1.0.0
  resolution: "@calmdown/rollup-plugin-copy@npm:1.0.0"
  checksum: 10/022fc9d7a03a60353f68a3ee3f4404aebc654062cfa1012886d6a4d3f16b74eb191d39731ca6422f58bb5fab78c95283b6439d69b612482eaf2ac8447dd2ae6f
  languageName: node
  linkType: hard

"@calmdown/rollup-plugin-delete@npm:1.0.0":
  version: 1.0.0
  resolution: "@calmdown/rollup-plugin-delete@npm:1.0.0"
  checksum: 10/e078ac3f0ce4fe756501a0020f95c1b2d2b81680768075bb99a75b2940450bbe8c917ea9349ea04964d10acca9819c07827188da64f5580e6e22621a25042122
  languageName: node
  linkType: hard

"@emnapi/core@npm:1.9.2":
  version: 1.9.2
  resolution: "@emnapi/core@npm:1.9.2"
  dependencies:
    "@emnapi/wasi-threads": "npm:1.2.1"
    tslib: "npm:^2.4.0"
  checksum: 10/32084861f306b405f10f3ae13d1a49fa75650bdaaa40704892c397856815fe5d3781670d2662806d39c2d8a19bb62826dd7b870a79858f7be77500d9d0d3d91a
  languageName: node
  linkType: hard

"@emnapi/runtime@npm:1.9.2":
  version: 1.9.2
  resolution: "@emnapi/runtime@npm:1.9.2"
  dependencies:
    tslib: "npm:^2.4.0"
  checksum: 10/de123d6b7acdbe34bf997523be761e5ae6d8f9b3967b72e8e50ff7dd1791a2a0d2b9fb0d7d92230b0738502980ea6f947189b7c1f47814ff666515a55c6fff48
  languageName: node
  linkType: hard

"@emnapi/wasi-threads@npm:1.2.1":
  version: 1.2.1
  resolution: "@emnapi/wasi-threads@npm:1.2.1"
  dependencies:
    tslib: "npm:^2.4.0"
  checksum: 10/57cd4292be81c05d26aa886d68a9e4c449ff666e8503fed6463dfc6b64a4e4213f03c152d53296b7cda32840271e38cd33347332070658f01befeb9bf4e59f36
  languageName: node
  linkType: hard

"@napi-rs/wasm-runtime@npm:^1.1.4":
  version: 1.1.4
  resolution: "@napi-rs/wasm-runtime@npm:1.1.4"
  dependencies:
    "@tybys/wasm-util": "npm:^0.10.1"
  peerDependencies:
    "@emnapi/core": ^1.7.1
    "@emnapi/runtime": ^1.7.1
  checksum: 10/1db3dc7eeb981306b09360487bd8ce4dfa5588d273bd8ea9f07dccca1b4ade57b675414180fc9bb66966c6c50b17208b0263194993e2f7f92cc7af28bda4d1af
  languageName: node
  linkType: hard

"@oxc-project/types@npm:=0.126.0":
  version: 0.126.0
  resolution: "@oxc-project/types@npm:0.126.0"
  checksum: 10/b4d7d350728381916acfd81549021d075c2456e4de64229b0402ae8f9531a2d44f928c835b99da3a589ff1e32c133da1f0c0e2229cc32f62a62e5752b6bd728b
  languageName: node
  linkType: hard

"@rolldown/binding-android-arm64@npm:1.0.0-rc.16":
  version: 1.0.0-rc.16
  resolution: "@rolldown/binding-android-arm64@npm:1.0.0-rc.16"
  conditions: os=android & cpu=arm64
  languageName: node
  linkType: hard

"@rolldown/binding-darwin-arm64@npm:1.0.0-rc.16":
  version: 1.0.0-rc.16
  resolution: "@rolldown/binding-darwin-arm64@npm:1.0.0-rc.16"
  conditions: os=darwin & cpu=arm64
  languageName: node
  linkType: hard

"@rolldown/binding-darwin-x64@npm:1.0.0-rc.16":
  version: 1.0.0-rc.16
  resolution: "@rolldown/binding-darwin-x64@npm:1.0.0-rc.16"
  conditions: os=darwin & cpu=x64
  languageName: node
  linkType: hard

"@rolldown/binding-freebsd-x64@npm:1.0.0-rc.16":
  version: 1.0.0-rc.16
  resolution: "@rolldown/binding-freebsd-x64@npm:1.0.0-rc.16"
  conditions: os=freebsd & cpu=x64
  languageName: node
  linkType: hard

"@rolldown/binding-linux-arm-gnueabihf@npm:1.0.0-rc.16":
  version: 1.0.0-rc.16
  resolution: "@rolldown/binding-linux-arm-gnueabihf@npm:1.0.0-rc.16"
  conditions: os=linux & cpu=arm
  languageName: node
  linkType: hard

"@rolldown/binding-linux-arm64-gnu@npm:1.0.0-rc.16":
  version: 1.0.0-rc.16
  resolution: "@rolldown/binding-linux-arm64-gnu@npm:1.0.0-rc.16"
  conditions: os=linux & cpu=arm64 & libc=glibc
  languageName: node
  linkType: hard

"@rolldown/binding-linux-arm64-musl@npm:1.0.0-rc.16":
  version: 1.0.0-rc.16
  resolution: "@rolldown/binding-linux-arm64-musl@npm:1.0.0-rc.16"
  conditions: os=linux & cpu=arm64 & libc=musl
  languageName: node
  linkType: hard

"@rolldown/binding-linux-ppc64-gnu@npm:1.0.0-rc.16":
  version: 1.0.0-rc.16
  resolution: "@rolldown/binding-linux-ppc64-gnu@npm:1.0.0-rc.16"
  conditions: os=linux & cpu=ppc64 & libc=glibc
  languageName: node
  linkType: hard

"@rolldown/binding-linux-s390x-gnu@npm:1.0.0-rc.16":
  version: 1.0.0-rc.16
  resolution: "@rolldown/binding-linux-s390x-gnu@npm:1.0.0-rc.16"
  conditions: os=linux & cpu=s390x & libc=glibc
  languageName: node
  linkType: hard

"@rolldown/binding-linux-x64-gnu@npm:1.0.0-rc.16":
  version: 1.0.0-rc.16
  resolution: "@rolldown/binding-linux-x64-gnu@npm:1.0.0-rc.16"
  conditions: os=linux & cpu=x64 & libc=glibc
  languageName: node
  linkType: hard

"@rolldown/binding-linux-x64-musl@npm:1.0.0-rc.16":
  version: 1.0.0-rc.16
  resolution: "@rolldown/binding-linux-x64-musl@npm:1.0.0-rc.16"
  conditions: os=linux & cpu=x64 & libc=musl
  languageName: node
  linkType: hard

"@rolldown/binding-openharmony-arm64@npm:1.0.0-rc.16":
  version: 1.0.0-rc.16
  resolution: "@rolldown/binding-openharmony-arm64@npm:1.0.0-rc.16"
  conditions: os=openharmony & cpu=arm64
  languageName: node
  linkType: hard

"@rolldown/binding-wasm32-wasi@npm:1.0.0-rc.16":
  version: 1.0.0-rc.16
  resolution: "@rolldown/binding-wasm32-wasi@npm:1.0.0-rc.16"
  dependencies:
    "@emnapi/core": "npm:1.9.2"
    "@emnapi/runtime": "npm:1.9.2"
    "@napi-rs/wasm-runtime": "npm:^1.1.4"
  conditions: cpu=wasm32
  languageName: node
  linkType: hard

"@rolldown/binding-win32-arm64-msvc@npm:1.0.0-rc.16":
  version: 1.0.0-rc.16
  resolution: "@rolldown/binding-win32-arm64-msvc@npm:1.0.0-rc.16"
  conditions: os=win32 & cpu=arm64
  languageName: node
  linkType: hard

"@rolldown/binding-win32-x64-msvc@npm:1.0.0-rc.16":
  version: 1.0.0-rc.16
  resolution: "@rolldown/binding-win32-x64-msvc@npm:1.0.0-rc.16"
  conditions: os=win32 & cpu=x64
  languageName: node
  linkType: hard

"@rolldown/pluginutils@npm:1.0.0-rc.16":
  version: 1.0.0-rc.16
  resolution: "@rolldown/pluginutils@npm:1.0.0-rc.16"
  checksum: 10/81d2b15b548375efbd63824c817def7ffe5e8f9949ccc5b5e0a15b8b01bf236a1e3f89d614e19aceb0fd8ee2796bc912fd8ba7652d21b9a29cd60e2741b1180e
  languageName: node
  linkType: hard

"@tybys/wasm-util@npm:^0.10.1":
  version: 0.10.1
  resolution: "@tybys/wasm-util@npm:0.10.1"
  dependencies:
    tslib: "npm:^2.4.0"
  checksum: 10/7fe0d239397aebb002ac4855d30c197c06a05ea8df8511350a3a5b1abeefe26167c60eda8a5508337571161e4c4b53d7c1342296123f9607af8705369de9fa7f
  languageName: node
  linkType: hard

"max-scripts@workspace:.":
  version: 0.0.0-use.local
  resolution: "max-scripts@workspace:."
  dependencies:
    "@calmdown/rolldown-workspace": "npm:1.0.0-rc.3"
    "@calmdown/rollup-plugin-copy": "npm:1.0.0"
    "@calmdown/rollup-plugin-delete": "npm:1.0.0"
    rolldown: "npm:1.0.0-rc.16"
    typescript: "npm:6.0.3"
  bin:
    build: ./bin/build.js
  languageName: unknown
  linkType: soft

"rolldown@npm:1.0.0-rc.16":
  version: 1.0.0-rc.16
  resolution: "rolldown@npm:1.0.0-rc.16"
  dependencies:
    "@oxc-project/types": "npm:=0.126.0"
    "@rolldown/binding-android-arm64": "npm:1.0.0-rc.16"
    "@rolldown/binding-darwin-arm64": "npm:1.0.0-rc.16"
    "@rolldown/binding-darwin-x64": "npm:1.0.0-rc.16"
    "@rolldown/binding-freebsd-x64": "npm:1.0.0-rc.16"
    "@rolldown/binding-linux-arm-gnueabihf": "npm:1.0.0-rc.16"
    "@rolldown/binding-linux-arm64-gnu": "npm:1.0.0-rc.16"
    "@rolldown/binding-linux-arm64-musl": "npm:1.0.0-rc.16"
    "@rolldown/binding-linux-ppc64-gnu": "npm:1.0.0-rc.16"
    "@rolldown/binding-linux-s390x-gnu": "npm:1.0.0-rc.16"
    "@rolldown/binding-linux-x64-gnu": "npm:1.0.0-rc.16"
    "@rolldown/binding-linux-x64-musl": "npm:1.0.0-rc.16"
    "@rolldown/binding-openharmony-arm64": "npm:1.0.0-rc.16"
    "@rolldown/binding-wasm32-wasi": "npm:1.0.0-rc.16"
    "@rolldown/binding-win32-arm64-msvc": "npm:1.0.0-rc.16"
    "@rolldown/binding-win32-x64-msvc": "npm:1.0.0-rc.16"
    "@rolldown/pluginutils": "npm:1.0.0-rc.16"
  dependenciesMeta:
    "@rolldown/binding-android-arm64":
      optional: true
    "@rolldown/binding-darwin-arm64":
      optional: true
    "@rolldown/binding-darwin-x64":
      optional: true
    "@rolldown/binding-freebsd-x64":
      optional: true
    "@rolldown/binding-linux-arm-gnueabihf":
      optional: true
    "@rolldown/binding-linux-arm64-gnu":
      optional: true
    "@rolldown/binding-linux-arm64-musl":
      optional: true
    "@rolldown/binding-linux-ppc64-gnu":
      optional: true
    "@rolldown/binding-linux-s390x-gnu":
      optional: true
    "@rolldown/binding-linux-x64-gnu":
      optional: true
    "@rolldown/binding-linux-x64-musl":
      optional: true
    "@rolldown/binding-openharmony-arm64":
      optional: true
    "@rolldown/binding-wasm32-wasi":
      optional: true
    "@rolldown/binding-win32-arm64-msvc":
      optional: true
    "@rolldown/binding-win32-x64-msvc":
      optional: true
  bin:
    rolldown: bin/cli.mjs
  checksum: 10/064ef08cbd171842da7595db7519bb5b7ca2a620b4481338716f2d494353c01511efbb01e93805de649e8cba2898b8ed7814193381ca1edd5b9883f51caf0865
  languageName: node
  linkType: hard

"tslib@npm:^2.4.0":
  version: 2.8.1
  resolution: "tslib@npm:2.8.1"
  checksum: 10/3e2e043d5c2316461cb54e5c7fe02c30ef6dccb3384717ca22ae5c6b5bc95232a6241df19c622d9c73b809bea33b187f6dbc73030963e29950c2141bc32a79f7
  languageName: node
  linkType: hard

"typescript@npm:6.0.3":
  version: 6.0.3
  resolution: "typescript@npm:6.0.3"
  bin:
    tsc: bin/tsc
    tsserver: bin/tsserver
  checksum: 10/0ef2357a4cffd916b52b683a021cdab0f81eea4e9aa35f2d254581c9a5106da02224e3392e1b0ed42b7a48f80c966e5f52b8e1a27941fa0523c1705a9c2e0330
  languageName: node
  linkType: hard

"typescript@patch:typescript@npm%3A6.0.3#optional!builtin<compat/typescript>":
  version: 6.0.3
  resolution: "typescript@patch:typescript@npm%3A6.0.3#optional!builtin<compat/typescript>::version=6.0.3&hash=5786d5"
  bin:
    tsc: bin/tsc
    tsserver: bin/tsserver
  checksum: 10/22b67a18dafedf9b1468b64ca20d9aa02ea61d449b65413d8aa6552aeb63f52ef369e86beb25b6b4c91a803d9726ee5c196f391a9b64201263263410a4223ee6
  languageName: node
  linkType: hard
